
Microsoft Visual Studio Solution File, Format Version 12.00
# Visual Studio 14
VisualStudioVersion = 14.0.25420.1
MinimumVisualStudioVersion = 10.0.40219.1
Project("{FAE04EC0-301F-11D3-BF4B-00C04F79EFBC}") = "Cake.Prca.Issues.Markdownlint", "Cake.Prca.Issues.Markdownlint\Cake.Prca.Issues.Markdownlint.csproj", "{2D6ED25A-8CFD-4AF6-BBC0-5FB931E7ED8A}"
EndProject
Project("{2150E333-8FDC-42A3-9474-1A3956D46DE8}") = "Build", "Build", "{64BF5F4C-090A-44BE-B266-C8898B603FA4}"
	ProjectSection(SolutionItems) = preProject
		..\build.ps1 = ..\build.ps1
		..\build.sh = ..\build.sh
		..\setup.cake = ..\setup.cake
	EndProjectSection
EndProject
Project("{2150E333-8FDC-42A3-9474-1A3956D46DE8}") = "nuspec", "nuspec", "{6D2B08F6-3B40-4CEB-B09D-67C833FF8F3F}"
	ProjectSection(SolutionItems) = preProject
		..\nuspec\nuget\Cake.Prca.Issues.Markdownlint.nuspec = ..\nuspec\nuget\Cake.Prca.Issues.Markdownlint.nuspec
	EndProjectSection
EndProject
Project("{FAE04EC0-301F-11D3-BF4B-00C04F79EFBC}") = "Cake.Prca.Issues.Markdownlint.Tests", "Cake.Prca.Issues.Markdownlint.Tests\Cake.Prca.Issues.Markdownlint.Tests.csproj", "{9C2DAC9D-8E32-41D5-8717-3AC0DBAE2ADA}"
EndProject
Global
	GlobalSection(SolutionConfigurationPlatforms) = preSolution
		Debug|Any CPU = Debug|Any CPU
		Release|Any CPU = Release|Any CPU
	EndGlobalSection
	GlobalSection(ProjectConfigurationPlatforms) = postSolution
		{2D6ED25A-8CFD-4AF6-BBC0-5FB931E7ED8A}.Debug|Any CPU.ActiveCfg = Debug|Any CPU
		{2D6ED25A-8CFD-4AF6-BBC0-5FB931E7ED8A}.Debug|Any CPU.Build.0 = Debug|Any CPU
		{2D6ED25A-8CFD-4AF6-BBC0-5FB931E7ED8A}.Release|Any CPU.ActiveCfg = Release|Any CPU
		{2D6ED25A-8CFD-4AF6-BBC0-5FB931E7ED8A}.Release|Any CPU.Build.0 = Release|Any CPU
		{9C2DAC9D-8E32-41D5-8717-3AC0DBAE2ADA}.Debug|Any CPU.ActiveCfg = Debug|Any CPU
		{9C2DAC9D-8E32-41D5-8717-3AC0DBAE2ADA}.Debug|Any CPU.Build.0 = Debug|Any CPU
		{9C2DAC9D-8E32-41D5-8717-3AC0DBAE2ADA}.Release|Any CPU.ActiveCfg = Release|Any CPU
		{9C2DAC9D-8E32-41D5-8717-3AC0DBAE2ADA}.Release|Any CPU.Build.0 = Release|Any CPU
	EndGlobalSection
	GlobalSection(SolutionProperties) = preSolution
		HideSolutionNode = FALSE
	EndGlobalSection
	GlobalSection(NestedProjects) = preSolution
		{6D2B08F6-3B40-4CEB-B09D-67C833FF8F3F} = {64BF5F4C-090A-44BE-B266-C8898B603FA4}
	EndGlobalSection
EndGlobal
